
Microsoft Visual Studio Solution File, Format Version 12.00
# Visual Studio Version 17
VisualStudioVersion = 17.7.33913.275
MinimumVisualStudioVersion = 10.0.40219.1
Project("{9A19103F-16F7-4668-BE54-9A1E7A4F7556}") = "TinyRenderer", "TinyRenderer\TinyRenderer.csproj", "{FFC97DF7-D614-4921-ACDC-5E37140B5B1E}"
EndProject
Global
	GlobalSection(SolutionConfigurationPlatforms) = preSolution
		Debug|Any CPU = Debug|Any CPU
		Release|Any CPU = Release|Any CPU
	EndGlobalSection
	GlobalSection(ProjectConfigurationPlatforms) = postSolution
		{FFC97DF7-D614-4921-ACDC-5E37140B5B1E}.Debug|Any CPU.ActiveCfg = Debug|Any CPU
		{FFC97DF7-D614-4921-ACDC-5E37140B5B1E}.Debug|Any CPU.Build.0 = Debug|Any CPU
		{FFC97DF7-D614-4921-ACDC-5E37140B5B1E}.Release|Any CPU.ActiveCfg = Release|Any CPU
		{FFC97DF7-D614-4921-ACDC-5E37140B5B1E}.Release|Any CPU.Build.0 = Release|Any CPU
	EndGlobalSection
	GlobalSection(SolutionProperties) = preSolution
		HideSolutionNode = FALSE
	EndGlobalSection
	GlobalSection(ExtensibilityGlobals) = postSolution
		SolutionGuid = {6C301BE9-840A-40CD-BAD3-891871FB4C82}
	EndGlobalSection
EndGlobal
